
Microsoft Visual Studio Solution File, Format Version 12.00
# Visual Studio Version 17
VisualStudioVersion = 17.0.31423.177
MinimumVisualStudioVersion = 10.0.40219.1
Project("{FAE04EC0-301F-11D3-BF4B-00C04F79EFBC}") = "DFO", "DFO\DFO.csproj", "{A7D0F263-B54C-429C-95DD-7125CF9486E9}"
EndProject
Global
	GlobalSection(SolutionConfigurationPlatforms) = preSolution
		Debug|Any CPU = Debug|Any CPU
		Release|Any CPU = Release|Any CPU
	EndGlobalSection
	GlobalSection(ProjectConfigurationPlatforms) = postSolution
		{A7D0F263-B54C-429C-95DD-7125CF9486E9}.Debug|Any CPU.ActiveCfg = Debug|Any CPU
		{A7D0F263-B54C-429C-95DD-7125CF9486E9}.Debug|Any CPU.Build.0 = Debug|Any CPU
		{A7D0F263-B54C-429C-95DD-7125CF9486E9}.Release|Any CPU.ActiveCfg = Release|Any CPU
		{A7D0F263-B54C-429C-95DD-7125CF9486E9}.Release|Any CPU.Build.0 = Release|Any CPU
	EndGlobalSection
	GlobalSection(SolutionProperties) = preSolution
		HideSolutionNode = FALSE
	EndGlobalSection
	GlobalSection(ExtensibilityGlobals) = postSolution
		SolutionGuid = {42CBE2E0-A101-44F0-B379-8F169167D205}
	EndGlobalSection
EndGlobal
